version = 1
revision = 1
requires-python = ">=3.14"

[resolution]
exclude-newer = "7 days"

[[package]]
name = "annotated-doc"
version = "0.0.4"
source = { registry = "https://pypi.org/simple" }

[[package]]
name = "annotated-types"
version = "0.7.0"
source = { registry = "https://pypi.org/simple" }
dependencies = [
    { name = "typing_extensions" },
]

[[package]]
name = "anyio"
version = "4.13.0"
source = { registry = "https://pypi.org/simple" }
dependencies = [
    { name = "idna" },
    { name = "typing_extensions" },
]

[[package]]
name = "backoff"
version = "2.2.1"
source = { registry = "https://pypi.org/simple" }

[[package]]
name = "bandit"
version = "1.9.4"
source = { registry = "https://pypi.org/simple" }
dependencies = [
    { name = "PyYAML" },
    { name = "rich" },
    { name = "stevedore" },
]

[[package]]
name = "certifi"
version = "2026.4.22"
source = { registry = "https://pypi.org/simple" }

[[package]]
name = "cffi"
version = "2.0.0"
source = { registry = "https://pypi.org/simple" }
dependencies = [
    { name = "pycparser" },
]

[[package]]
name = "charset-normalizer"
version = "3.4.7"
source = { registry = "https://pypi.org/simple" }

[[package]]
name = "click"
version = "8.4.0"
source = { registry = "https://pypi.org/simple" }

[[package]]
name = "cryptography"
version = "48.0.0"
source = { registry = "https://pypi.org/simple" }
dependencies = [
    { name = "cffi" },
    { name = "typing_extensions" },
]

[[package]]
name = "distro"
version = "1.9.0"
source = { registry = "https://pypi.org/simple" }

[[package]]
name = "fastapi"
version = "0.136.1"
source = { registry = "https://pypi.org/simple" }
dependencies = [
    { name = "annotated-doc" },
    { name = "pydantic" },
    { name = "starlette" },
    { name = "typing-inspection" },
    { name = "typing_extensions" },
]

[[package]]
name = "genai-prices"
version = "0.0.60"
source = { registry = "https://pypi.org/simple" }
dependencies = [
    { name = "httpx" },
    { name = "pydantic" },
]

[[package]]
name = "googleapis-common-protos"
version = "1.75.0"
source = { registry = "https://pypi.org/simple" }
dependencies = [
    { name = "protobuf" },
]

[[package]]
name = "greenlet"
version = "3.5.0"
source = { registry = "https://pypi.org/simple" }

[[package]]
name = "griffelib"
version = "2.0.2"
source = { registry = "https://pypi.org/simple" }

[[package]]
name = "h11"
version = "0.16.0"
source = { registry = "https://pypi.org/simple" }

[[package]]
name = "httpcore"
version = "1.0.9"
source = { registry = "https://pypi.org/simple" }
dependencies = [
    { name = "certifi" },
    { name = "h11" },
]

[[package]]
name = "httptools"
version = "0.7.1"
source = { registry = "https://pypi.org/simple" }

[[package]]
name = "httpx"
version = "0.28.1"
source = { registry = "https://pypi.org/simple" }
dependencies = [
    { name = "anyio" },
    { name = "certifi" },
    { name = "httpcore" },
    { name = "idna" },
]

[[package]]
name = "idna"
version = "3.15"
source = { registry = "https://pypi.org/simple" }

[[package]]
name = "importlib_metadata"
version = "8.7.1"
source = { registry = "https://pypi.org/simple" }
dependencies = [
    { name = "zipp" },
]

[[package]]
name = "iniconfig"
version = "2.3.0"
source = { registry = "https://pypi.org/simple" }

[[package]]
name = "jiter"
version = "0.14.0"
source = { registry = "https://pypi.org/simple" }

[[package]]
name = "langfuse"
version = "4.6.1"
source = { registry = "https://pypi.org/simple" }
dependencies = [
    { name = "backoff" },
    { name = "httpx" },
    { name = "opentelemetry-api" },
    { name = "opentelemetry-exporter-otlp-proto-http" },
    { name = "opentelemetry-sdk" },
    { name = "packaging" },
    { name = "pydantic" },
    { name = "wrapt" },
]

[[package]]
name = "logfire-api"
version = "4.33.0"
source = { registry = "https://pypi.org/simple" }

[[package]]
name = "markdown-it-py"
version = "4.2.0"
source = { registry = "https://pypi.org/simple" }
dependencies = [
    { name = "mdurl" },
]

[[package]]
name = "mdurl"
version = "0.1.2"
source = { registry = "https://pypi.org/simple" }

[[package]]
name = "openai"
version = "2.37.0"
source = { registry = "https://pypi.org/simple" }
dependencies = [
    { name = "anyio" },
    { name = "distro" },
    { name = "httpx" },
    { name = "jiter" },
    { name = "pydantic" },
    { name = "sniffio" },
    { name = "tqdm" },
    { name = "typing_extensions" },
]

[[package]]
name = "opentelemetry-api"
version = "1.41.1"
source = { registry = "https://pypi.org/simple" }
dependencies = [
    { name = "importlib_metadata" },
    { name = "typing_extensions" },
]

[[package]]
name = "opentelemetry-exporter-otlp-proto-common"
version = "1.41.1"
source = { registry = "https://pypi.org/simple" }
dependencies = [
    { name = "opentelemetry-proto" },
]

[[package]]
name = "opentelemetry-exporter-otlp-proto-http"
version = "1.41.1"
source = { registry = "https://pypi.org/simple" }
dependencies = [
    { name = "googleapis-common-protos" },
    { name = "opentelemetry-api" },
    { name = "opentelemetry-exporter-otlp-proto-common" },
    { name = "opentelemetry-proto" },
    { name = "opentelemetry-sdk" },
    { name = "requests" },
    { name = "typing_extensions" },
]

[[package]]
name = "opentelemetry-proto"
version = "1.41.1"
source = { registry = "https://pypi.org/simple" }
dependencies = [
    { name = "protobuf" },
]

[[package]]
name = "opentelemetry-sdk"
version = "1.41.1"
source = { registry = "https://pypi.org/simple" }
dependencies = [
    { name = "opentelemetry-api" },
    { name = "opentelemetry-semantic-conventions" },
    { name = "typing_extensions" },
]

[[package]]
name = "opentelemetry-semantic-conventions"
version = "0.62b1"
source = { registry = "https://pypi.org/simple" }
dependencies = [
    { name = "opentelemetry-api" },
    { name = "typing_extensions" },
]

[[package]]
name = "packaging"
version = "26.2"
source = { registry = "https://pypi.org/simple" }

[[package]]
name = "pluggy"
version = "1.6.0"
source = { registry = "https://pypi.org/simple" }

[[package]]
name = "protobuf"
version = "6.33.6"
source = { registry = "https://pypi.org/simple" }

[[package]]
name = "pycparser"
version = "3.0"
source = { registry = "https://pypi.org/simple" }

[[package]]
name = "pydantic"
version = "2.13.4"
source = { registry = "https://pypi.org/simple" }
dependencies = [
    { name = "annotated-types" },
    { name = "pydantic_core" },
    { name = "typing-inspection" },
    { name = "typing_extensions" },
]

[[package]]
name = "pydantic-ai-slim"
version = "1.97.0"
source = { registry = "https://pypi.org/simple" }
dependencies = [
    { name = "genai-prices" },
    { name = "griffelib" },
    { name = "httpx" },
    { name = "opentelemetry-api" },
    { name = "pydantic" },
    { name = "pydantic-graph" },
    { name = "typing-inspection" },
]

[[package]]
name = "pydantic-graph"
version = "1.97.0"
source = { registry = "https://pypi.org/simple" }
dependencies = [
    { name = "httpx" },
    { name = "logfire-api" },
    { name = "pydantic" },
    { name = "typing-inspection" },
]

[[package]]
name = "pydantic-settings"
version = "2.14.1"
source = { registry = "https://pypi.org/simple" }
dependencies = [
    { name = "pydantic" },
    { name = "python-dotenv" },
    { name = "typing-inspection" },
]

[[package]]
name = "pydantic_core"
version = "2.46.4"
source = { registry = "https://pypi.org/simple" }
dependencies = [
    { name = "typing_extensions" },
]

[[package]]
name = "Pygments"
version = "2.20.0"
source = { registry = "https://pypi.org/simple" }

[[package]]
name = "PyJWT"
version = "2.12.1"
source = { registry = "https://pypi.org/simple" }
dependencies = [
    { name = "typing_extensions" },
]

[[package]]
name = "pytest"
version = "9.0.3"
source = { registry = "https://pypi.org/simple" }
dependencies = [
    { name = "Pygments" },
    { name = "iniconfig" },
    { name = "packaging" },
    { name = "pluggy" },
]

[[package]]
name = "pytest-asyncio"
version = "1.3.0"
source = { registry = "https://pypi.org/simple" }
dependencies = [
    { name = "pytest" },
    { name = "typing_extensions" },
]

[[package]]
name = "python-dotenv"
version = "1.2.2"
source = { registry = "https://pypi.org/simple" }

[[package]]
name = "PyYAML"
version = "6.0.3"
source = { registry = "https://pypi.org/simple" }

[[package]]
name = "regex"
version = "2026.5.9"
source = { registry = "https://pypi.org/simple" }

[[package]]
name = "requests"
version = "2.34.2"
source = { registry = "https://pypi.org/simple" }
dependencies = [
    { name = "certifi" },
    { name = "charset-normalizer" },
    { name = "idna" },
    { name = "urllib3" },
]

[[package]]
name = "rich"
version = "15.0.0"
source = { registry = "https://pypi.org/simple" }
dependencies = [
    { name = "Pygments" },
    { name = "markdown-it-py" },
]

[[package]]
name = "sniffio"
version = "1.3.1"
source = { registry = "https://pypi.org/simple" }

[[package]]
name = "SQLAlchemy"
version = "2.0.49"
source = { registry = "https://pypi.org/simple" }
dependencies = [
    { name = "greenlet" },
    { name = "importlib_metadata" },
    { name = "typing_extensions" },
]

[[package]]
name = "sqlmodel"
version = "0.0.38"
source = { registry = "https://pypi.org/simple" }
dependencies = [
    { name = "SQLAlchemy" },
    { name = "pydantic" },
    { name = "typing_extensions" },
]

[[package]]
name = "starlette"
version = "1.0.0"
source = { registry = "https://pypi.org/simple" }
dependencies = [
    { name = "anyio" },
    { name = "typing_extensions" },
]

[[package]]
name = "stevedore"
version = "5.8.0"
source = { registry = "https://pypi.org/simple" }

[[package]]
name = "tiktoken"
version = "0.13.0"
source = { registry = "https://pypi.org/simple" }
dependencies = [
    { name = "regex" },
    { name = "requests" },
]

[[package]]
name = "tqdm"
version = "4.67.3"
source = { registry = "https://pypi.org/simple" }
dependencies = [
    { name = "importlib_metadata" },
]

[[package]]
name = "typing-inspection"
version = "0.4.2"
source = { registry = "https://pypi.org/simple" }
dependencies = [
    { name = "typing_extensions" },
]

[[package]]
name = "typing_extensions"
version = "4.15.0"
source = { registry = "https://pypi.org/simple" }

[[package]]
name = "urllib3"
version = "2.7.0"
source = { registry = "https://pypi.org/simple" }

[[package]]
name = "uvicorn"
version = "0.47.0"
source = { registry = "https://pypi.org/simple" }
dependencies = [
    { name = "click" },
    { name = "h11" },
    { name = "typing_extensions" },
]

[[package]]
name = "uvloop"
version = "0.22.1"
source = { registry = "https://pypi.org/simple" }

[[package]]
name = "watchfiles"
version = "1.2.0"
source = { registry = "https://pypi.org/simple" }
dependencies = [
    { name = "anyio" },
]

[[package]]
name = "websockets"
version = "16.0"
source = { registry = "https://pypi.org/simple" }

[[package]]
name = "wrapt"
version = "1.17.3"
source = { registry = "https://pypi.org/simple" }

[[package]]
name = "zipp"
version = "3.23.1"
source = { registry = "https://pypi.org/simple" }
